
Microsoft Visual Studio Solution File, Format Version 12.00
# Visual Studio Version 17
VisualStudioVersion = 17.9.34622.214
MinimumVisualStudioVersion = 10.0.40219.1
Project("{9A19103F-16F7-4668-BE54-9A1E7A4F7556}") = "GarageManager", "GarageManager\GarageManager.csproj", "{A796B627-90DD-47DC-9EEB-544F60AE48E9}"
EndProject
Project("{9A19103F-16F7-4668-BE54-9A1E7A4F7556}") = "GarageManager.Tests", "GarageManager.Tests\GarageManager.Tests.csproj", "{05AD3D1C-4DCD-43FD-AF8A-955127F3CC46}"
EndProject
Project("{9A19103F-16F7-4668-BE54-9A1E7A4F7556}") = "ForRandomTesting", "ForRandomTesting\ForRandomTesting.csproj", "{577815E4-70C2-411A-B17D-EE1F352654F8}"
EndProject
Project("{FAE04EC0-301F-11D3-BF4B-00C04F79EFBC}") = "GarageManager.Helpers", "GarageManager.Helpers\GarageManager.Helpers.csproj", "{2408568C-8E8D-479E-BCF5-9FF0F8B51076}"
EndProject
Global
	GlobalSection(SolutionConfigurationPlatforms) = preSolution
		Debug|Any CPU = Debug|Any CPU
		Release|Any CPU = Release|Any CPU
	EndGlobalSection
	GlobalSection(ProjectConfigurationPlatforms) = postSolution
		{A796B627-90DD-47DC-9EEB-544F60AE48E9}.Debug|Any CPU.ActiveCfg = Debug|Any CPU
		{A796B627-90DD-47DC-9EEB-544F60AE48E9}.Debug|Any CPU.Build.0 = Debug|Any CPU
		{A796B627-90DD-47DC-9EEB-544F60AE48E9}.Release|Any CPU.ActiveCfg = Release|Any CPU
		{A796B627-90DD-47DC-9EEB-544F60AE48E9}.Release|Any CPU.Build.0 = Release|Any CPU
		{05AD3D1C-4DCD-43FD-AF8A-955127F3CC46}.Debug|Any CPU.ActiveCfg = Debug|Any CPU
		{05AD3D1C-4DCD-43FD-AF8A-955127F3CC46}.Debug|Any CPU.Build.0 = Debug|Any CPU
		{05AD3D1C-4DCD-43FD-AF8A-955127F3CC46}.Release|Any CPU.ActiveCfg = Release|Any CPU
		{05AD3D1C-4DCD-43FD-AF8A-955127F3CC46}.Release|Any CPU.Build.0 = Release|Any CPU
		{577815E4-70C2-411A-B17D-EE1F352654F8}.Debug|Any CPU.ActiveCfg = Debug|Any CPU
		{577815E4-70C2-411A-B17D-EE1F352654F8}.Debug|Any CPU.Build.0 = Debug|Any CPU
		{577815E4-70C2-411A-B17D-EE1F352654F8}.Release|Any CPU.ActiveCfg = Release|Any CPU
		{577815E4-70C2-411A-B17D-EE1F352654F8}.Release|Any CPU.Build.0 = Release|Any CPU
		{2408568C-8E8D-479E-BCF5-9FF0F8B51076}.Debug|Any CPU.ActiveCfg = Debug|Any CPU
		{2408568C-8E8D-479E-BCF5-9FF0F8B51076}.Debug|Any CPU.Build.0 = Debug|Any CPU
		{2408568C-8E8D-479E-BCF5-9FF0F8B51076}.Release|Any CPU.ActiveCfg = Release|Any CPU
		{2408568C-8E8D-479E-BCF5-9FF0F8B51076}.Release|Any CPU.Build.0 = Release|Any CPU
	EndGlobalSection
	GlobalSection(SolutionProperties) = preSolution
		HideSolutionNode = FALSE
	EndGlobalSection
	GlobalSection(ExtensibilityGlobals) = postSolution
		SolutionGuid = {AA461BE7-FE19-4D02-92CE-D7A831BCCE43}
	EndGlobalSection
EndGlobal
